
Microsoft Visual Studio Solution File, Format Version 12.00
# Visual Studio Version 16
VisualStudioVersion = 16.0.31515.178
MinimumVisualStudioVersion = 10.0.40219.1
Project("{888888A0-9F3D-457C-B088-3A5042F75D52}") = "Connect 4", "Connect 4.pyproj", "{1338DA5B-4ECD-42AB-B7A4-FE7BCE3816B0}"
EndProject
Global
	GlobalSection(SolutionConfigurationPlatforms) = preSolution
		Debug|Any CPU = Debug|Any CPU
		Release|Any CPU = Release|Any CPU
	EndGlobalSection
	GlobalSection(ProjectConfigurationPlatforms) = postSolution
		{1338DA5B-4ECD-42AB-B7A4-FE7BCE3816B0}.Debug|Any CPU.ActiveCfg = Debug|Any CPU
		{1338DA5B-4ECD-42AB-B7A4-FE7BCE3816B0}.Release|Any CPU.ActiveCfg = Release|Any CPU
	EndGlobalSection
	GlobalSection(SolutionProperties) = preSolution
		HideSolutionNode = FALSE
	EndGlobalSection
	GlobalSection(ExtensibilityGlobals) = postSolution
		SolutionGuid = {DA9F3A7B-4959-4BD2-A892-36646D7852D2}
	EndGlobalSection
EndGlobal
